PODS:
  - OpenSSL-Universal (1.0.2.13)
  - pjsip (2.7.1):
    - OpenSSL-Universal

DEPENDENCIES:
  - pjsip (from `/Users/Star/work/icsoc/cocoapods/pjsip/`)

SPEC REPOS:
  https://github.com/cocoapods/specs.git:
    - OpenSSL-Universal

EXTERNAL SOURCES:
  pjsip:
    :path: "/Users/Star/work/icsoc/cocoapods/pjsip/"

SPEC CHECKSUMS:
  OpenSSL-Universal: 401888162f11c33ebbd46f782d9229da35c61327
  pjsip: 226c38a094df89ca03391e9b134112a89c371636

PODFILE CHECKSUM: 0a2bda59e8aec774efbf5541ab2510bb12ee4909

COCOAPODS: 1.5.2
